{
  "object": {
    "pins": [
      {
        "package": "AutoAPI",
        "repositoryURL": "git@github.com:highmobility/auto-api-swift.git",
        "state": {
          "branch": null,
          "revision": "e7404e1cf7423d5459634970f47de2e088247971",
          "version": "13.0.0"
        }
      },
      {
        "package": "HMCryptoKit",
        "repositoryURL": "git@github.com:highmobility/hmcryptokit-swift.git",
        "state": {
          "branch": null,
          "revision": "70ad91b349af7786b6a3db8974f48bf2e75da065",
          "version": "1.2.16"
        }
      },
      {
        "package": "HMKit",
        "repositoryURL": "git@github.com:highmobility/hmkit-swift.git",
        "state": {
          "branch": null,
          "revision": "9b55db99adef1e9532f76a44c39d7507062d8b34",
          "version": "3.2.3"
        }
      },
      {
        "package": "HMUtilities",
        "repositoryURL": "https://github.com/highmobility/hmutilities-swift",
        "state": {
          "branch": null,
          "revision": "0434c2ab0d80f50fb0ec3daf47669a377cd68f79",
          "version": "1.4.7"
        }
      }
    ]
  },
  "version": 1
}
