{
  "object": {
    "pins": [
      {
        "package": "AutoAPI",
        "repositoryURL": "git@github.com:highmobility/hm-auto-api-swift.git",
        "state": {
          "branch": null,
          "revision": "8d3e00e6e0834a6911f7689a1029c8319bf040d4",
          "version": "10.0.9"
        }
      },
      {
        "package": "HMCryptoKit",
        "repositoryURL": "git@github.com:highmobility/hm-crypto-kit-swift.git",
        "state": {
          "branch": null,
          "revision": "7095a2fa615e527f49e013d588908eebf98bfa4a",
          "version": "1.2.13"
        }
      },
      {
        "package": "HMUtilities",
        "repositoryURL": "git@github.com:highmobility/hm-utilities-swift.git",
        "state": {
          "branch": null,
          "revision": "62a294d05d50ae4438535e99c80d87635e622d29",
          "version": "1.4.5"
        }
      }
    ]
  },
  "version": 1
}
