{
  "object": {
    "pins": [
      {
        "package": "AutoAPI",
        "repositoryURL": "git@github.com:highmobility/auto-api-swift.git",
        "state": {
          "branch": null,
          "revision": "d4253c2f4f15af39d302494373360e668f863e1c",
          "version": "11.0.0"
        }
      },
      {
        "package": "HMCryptoKit",
        "repositoryURL": "git@github.com:highmobility/hmcryptokit-swift.git",
        "state": {
          "branch": null,
          "revision": "d767965c7ae178f673acf894cc1fc0d9fcf840c0",
          "version": "1.2.15"
        }
      },
      {
        "package": "HMUtilities",
        "repositoryURL": "https://github.com/highmobility/hmutilities-swift",
        "state": {
          "branch": null,
          "revision": "81e45f516e7fb41c98995fca22679966ecd1ec8c",
          "version": "1.4.6"
        }
      }
    ]
  },
  "version": 1
}
